// !$*UTF8*$!
{
	archiveVersion = 1;
	classes = {
	};
	objectVersion = 77;
	objects = {

/* Begin PBXBuildFile section */
		C48EFBF22DF989C900BB4910 /* Assets.xcassets in Resources */ = {isa = PBXBuildFile; fileRef = C48EFBE22DF989C900BB4910 /* Assets.xcassets */; };
		C48EFBF32DF989C900BB4910 /* LaunchScreen.storyboard in Resources */ = {isa = PBXBuildFile; fileRef = C48EFBE42DF989C900BB4910 /* LaunchScreen.storyboard */; };
		C48EFBF52DF989C900BB4910 /* AppDelegate.swift in Sources */ = {isa = PBXBuildFile; fileRef = C48EFBE12DF989C900BB4910 /* AppDelegate.swift */; };
		C48EFBF62DF989C900BB4910 /* SceneDelegate.swift in Sources */ = {isa = PBXBuildFile; fileRef = C48EFBE52DF989C900BB4910 /* SceneDelegate.swift */; };
		C48EFBF72DF989C900BB4910 /* CLLocation+AddressConverter.swift in Sources */ = {isa = PBXBuildFile; fileRef = C48EFBE72DF989C900BB4910 /* CLLocation+AddressConverter.swift */; };
		C48EFBF82DF989C900BB4910 /* CLPlacemark+GetAddress.swift in Sources */ = {isa = PBXBuildFile; fileRef = C48EFBE82DF989C900BB4910 /* CLPlacemark+GetAddress.swift */; };
		C48EFBF92DF989C900BB4910 /* LocationManager.swift in Sources */ = {isa = PBXBuildFile; fileRef = C48EFBEA2DF989C900BB4910 /* LocationManager.swift */; };
		C48EFBFA2DF989C900BB4910 /* MapPageProtocols.swift in Sources */ = {isa = PBXBuildFile; fileRef = C48EFBEC2DF989C900BB4910 /* MapPageProtocols.swift */; };
		C48EFBFB2DF989C900BB4910 /* MapViewController.swift in Sources */ = {isa = PBXBuildFile; fileRef = C48EFBED2DF989C900BB4910 /* MapViewController.swift */; };
		C48EFBFC2DF989C900BB4910 /* MapViewModel.swift in Sources */ = {isa = PBXBuildFile; fileRef = C48EFBEE2DF989C900BB4910 /* MapViewModel.swift */; };
		C48EFBFE2DF992DB00BB4910 /* MapViewRouter.swift in Sources */ = {isa = PBXBuildFile; fileRef = C48EFBFD2DF992D800BB4910 /* MapViewRouter.swift */; };
		C48EFC012DF9B74200BB4910 /* Constants.swift in Sources */ = {isa = PBXBuildFile; fileRef = C48EFC002DF9B74200BB4910 /* Constants.swift */; };
		C48EFC032DF9FA6100BB4910 /* CustomAnnotation.swift in Sources */ = {isa = PBXBuildFile; fileRef = C48EFC022DF9FA6100BB4910 /* CustomAnnotation.swift */; };
		C48EFC072DFA0AC800BB4910 /* VisitPoint.swift in Sources */ = {isa = PBXBuildFile; fileRef = C48EFC062DFA0AC800BB4910 /* VisitPoint.swift */; };
		C48EFC092DFA0AFF00BB4910 /* LastLocationsStore.swift in Sources */ = {isa = PBXBuildFile; fileRef = C48EFC082DFA0AFA00BB4910 /* LastLocationsStore.swift */; };
/* End PBXBuildFile section */

/* Begin PBXFileReference section */
		C48EFBE12DF989C900BB4910 /* AppDelegate.swift */ = {isa = PBXFileReference; lastKnownFileType = sourcecode.swift; path = AppDelegate.swift; sourceTree = "<group>"; };
		C48EFBE22DF989C900BB4910 /* Assets.xcassets */ = {isa = PBXFileReference; lastKnownFileType = folder.assetcatalog; path = Assets.xcassets; sourceTree = "<group>"; };
		C48EFBE32DF989C900BB4910 /* Base */ = {isa = PBXFileReference; lastKnownFileType = file.storyboard; name = Base; path = Base.lproj/LaunchScreen.storyboard; sourceTree = "<group>"; };
		C48EFBE52DF989C900BB4910 /* SceneDelegate.swift */ = {isa = PBXFileReference; lastKnownFileType = sourcecode.swift; path = SceneDelegate.swift; sourceTree = "<group>"; };
		C48EFBE72DF989C900BB4910 /* CLLocation+AddressConverter.swift */ = {isa = PBXFileReference; lastKnownFileType = sourcecode.swift; path = "CLLocation+AddressConverter.swift"; sourceTree = "<group>"; };
		C48EFBE82DF989C900BB4910 /* CLPlacemark+GetAddress.swift */ = {isa = PBXFileReference; lastKnownFileType = sourcecode.swift; path = "CLPlacemark+GetAddress.swift"; sourceTree = "<group>"; };
		C48EFBEA2DF989C900BB4910 /* LocationManager.swift */ = {isa = PBXFileReference; lastKnownFileType = sourcecode.swift; path = LocationManager.swift; sourceTree = "<group>"; };
		C48EFBEC2DF989C900BB4910 /* MapPageProtocols.swift */ = {isa = PBXFileReference; lastKnownFileType = sourcecode.swift; path = MapPageProtocols.swift; sourceTree = "<group>"; };
		C48EFBED2DF989C900BB4910 /* MapViewController.swift */ = {isa = PBXFileReference; lastKnownFileType = sourcecode.swift; path = MapViewController.swift; sourceTree = "<group>"; };
		C48EFBEE2DF989C900BB4910 /* MapViewModel.swift */ = {isa = PBXFileReference; lastKnownFileType = sourcecode.swift; path = MapViewModel.swift; sourceTree = "<group>"; };
		C48EFBF02DF989C900BB4910 /* Info.plist */ = {isa = PBXFileReference; lastKnownFileType = text.plist.xml; path = Info.plist; sourceTree = "<group>"; };
		C48EFBFD2DF992D800BB4910 /* MapViewRouter.swift */ = {isa = PBXFileReference; lastKnownFileType = sourcecode.swift; path = MapViewRouter.swift; sourceTree = "<group>"; };
		C48EFC002DF9B74200BB4910 /* Constants.swift */ = {isa = PBXFileReference; lastKnownFileType = sourcecode.swift; path = Constants.swift; sourceTree = "<group>"; };
		C48EFC022DF9FA6100BB4910 /* CustomAnnotation.swift */ = {isa = PBXFileReference; lastKnownFileType = sourcecode.swift; path = CustomAnnotation.swift; sourceTree = "<group>"; };
		C48EFC062DFA0AC800BB4910 /* VisitPoint.swift */ = {isa = PBXFileReference; lastKnownFileType = sourcecode.swift; path = VisitPoint.swift; sourceTree = "<group>"; };
		C48EFC082DFA0AFA00BB4910 /* LastLocationsStore.swift */ = {isa = PBXFileReference; lastKnownFileType = sourcecode.swift; path = LastLocationsStore.swift; sourceTree = "<group>"; };
		C49D00C42DF965C8002432CF /* eyupMertCase.app */ = {isa = PBXFileReference; explicitFileType = wrapper.application; includeInIndex = 0; path = eyupMertCase.app; sourceTree = BUILT_PRODUCTS_DIR; };
/* End PBXFileReference section */

/* Begin PBXFrameworksBuildPhase section */
		C49D00C12DF965C8002432CF /* Frameworks */ = {
			isa = PBXFrameworksBuildPhase;
			buildActionMask = 2147483647;
			files = (
			);
			runOnlyForDeploymentPostprocessing = 0;
		};
/* End PBXFrameworksBuildPhase section */

/* Begin PBXGroup section */
		C48EFBE62DF989C900BB4910 /* App */ = {
			isa = PBXGroup;
			children = (
				C48EFC002DF9B74200BB4910 /* Constants.swift */,
				C48EFBE12DF989C900BB4910 /* AppDelegate.swift */,
				C48EFBE22DF989C900BB4910 /* Assets.xcassets */,
				C48EFBE42DF989C900BB4910 /* LaunchScreen.storyboard */,
				C48EFBE52DF989C900BB4910 /* SceneDelegate.swift */,
			);
			path = App;
			sourceTree = "<group>";
		};
		C48EFBE92DF989C900BB4910 /* Extensions */ = {
			isa = PBXGroup;
			children = (
				C48EFBE72DF989C900BB4910 /* CLLocation+AddressConverter.swift */,
				C48EFBE82DF989C900BB4910 /* CLPlacemark+GetAddress.swift */,
			);
			path = Extensions;
			sourceTree = "<group>";
		};
		C48EFBEB2DF989C900BB4910 /* Manager */ = {
			isa = PBXGroup;
			children = (
				C48EFC082DFA0AFA00BB4910 /* LastLocationsStore.swift */,
				C48EFBEA2DF989C900BB4910 /* LocationManager.swift */,
			);
			path = Manager;
			sourceTree = "<group>";
		};
		C48EFBEF2DF989C900BB4910 /* MapPage */ = {
			isa = PBXGroup;
			children = (
				C48EFC022DF9FA6100BB4910 /* CustomAnnotation.swift */,
				C48EFBFD2DF992D800BB4910 /* MapViewRouter.swift */,
				C48EFBEC2DF989C900BB4910 /* MapPageProtocols.swift */,
				C48EFBED2DF989C900BB4910 /* MapViewController.swift */,
				C48EFBEE2DF989C900BB4910 /* MapViewModel.swift */,
			);
			path = MapPage;
			sourceTree = "<group>";
		};
		C48EFBF12DF989C900BB4910 /* eyupMertCase */ = {
			isa = PBXGroup;
			children = (
				C48EFBE62DF989C900BB4910 /* App */,
				C48EFBE92DF989C900BB4910 /* Extensions */,
				C48EFBEB2DF989C900BB4910 /* Manager */,
				C48EFBEF2DF989C900BB4910 /* MapPage */,
				C48EFC052DFA0AC300BB4910 /* Model */,
			);
			path = eyupMertCase;
			sourceTree = "<group>";
		};
		C48EFC052DFA0AC300BB4910 /* Model */ = {
			isa = PBXGroup;
			children = (
				C48EFC062DFA0AC800BB4910 /* VisitPoint.swift */,
			);
			path = Model;
			sourceTree = "<group>";
		};
		C49D00BB2DF965C8002432CF = {
			isa = PBXGroup;
			children = (
				C48EFBF12DF989C900BB4910 /* eyupMertCase */,
				C48EFBF02DF989C900BB4910 /* Info.plist */,
				C49D00C52DF965C8002432CF /* Products */,
			);
			sourceTree = "<group>";
		};
		C49D00C52DF965C8002432CF /* Products */ = {
			isa = PBXGroup;
			children = (
				C49D00C42DF965C8002432CF /* eyupMertCase.app */,
			);
			name = Products;
			sourceTree = "<group>";
		};
/* End PBXGroup section */

/* Begin PBXNativeTarget section */
		C49D00C32DF965C8002432CF /* eyupMertCase */ = {
			isa = PBXNativeTarget;
			buildConfigurationList = C49D00D72DF965C9002432CF /* Build configuration list for PBXNativeTarget "eyupMertCase" */;
			buildPhases = (
				C49D00C02DF965C8002432CF /* Sources */,
				C49D00C12DF965C8002432CF /* Frameworks */,
				C49D00C22DF965C8002432CF /* Resources */,
			);
			buildRules = (
			);
			dependencies = (
			);
			name = eyupMertCase;
			packageProductDependencies = (
			);
			productName = eyupMertCase;
			productReference = C49D00C42DF965C8002432CF /* eyupMertCase.app */;
			productType = "com.apple.product-type.application";
		};
/* End PBXNativeTarget section */

/* Begin PBXProject section */
		C49D00BC2DF965C8002432CF /* Project object */ = {
			isa = PBXProject;
			attributes = {
				BuildIndependentTargetsInParallel = 1;
				LastSwiftUpdateCheck = 1600;
				LastUpgradeCheck = 1600;
				TargetAttributes = {
					C49D00C32DF965C8002432CF = {
						CreatedOnToolsVersion = 16.0;
					};
				};
			};
			buildConfigurationList = C49D00BF2DF965C8002432CF /* Build configuration list for PBXProject "eyupMertCase" */;
			developmentRegion = en;
			hasScannedForEncodings = 0;
			knownRegions = (
				en,
				Base,
			);
			mainGroup = C49D00BB2DF965C8002432CF;
			minimizedProjectReferenceProxies = 1;
			preferredProjectObjectVersion = 77;
			productRefGroup = C49D00C52DF965C8002432CF /* Products */;
			projectDirPath = "";
			projectRoot = "";
			targets = (
				C49D00C32DF965C8002432CF /* eyupMertCase */,
			);
		};
/* End PBXProject section */

/* Begin PBXResourcesBuildPhase section */
		C49D00C22DF965C8002432CF /* Resources */ = {
			isa = PBXResourcesBuildPhase;
			buildActionMask = 2147483647;
			files = (
				C48EFBF22DF989C900BB4910 /* Assets.xcassets in Resources */,
				C48EFBF32DF989C900BB4910 /* LaunchScreen.storyboard in Resources */,
			);
			runOnlyForDeploymentPostprocessing = 0;
		};
/* End PBXResourcesBuildPhase section */

/* Begin PBXSourcesBuildPhase section */
		C49D00C02DF965C8002432CF /* Sources */ = {
			isa = PBXSourcesBuildPhase;
			buildActionMask = 2147483647;
			files = (
				C48EFC072DFA0AC800BB4910 /* VisitPoint.swift in Sources */,
				C48EFBF52DF989C900BB4910 /* AppDelegate.swift in Sources */,
				C48EFBF62DF989C900BB4910 /* SceneDelegate.swift in Sources */,
				C48EFBF72DF989C900BB4910 /* CLLocation+AddressConverter.swift in Sources */,
				C48EFBF82DF989C900BB4910 /* CLPlacemark+GetAddress.swift in Sources */,
				C48EFBFE2DF992DB00BB4910 /* MapViewRouter.swift in Sources */,
				C48EFC092DFA0AFF00BB4910 /* LastLocationsStore.swift in Sources */,
				C48EFC012DF9B74200BB4910 /* Constants.swift in Sources */,
				C48EFC032DF9FA6100BB4910 /* CustomAnnotation.swift in Sources */,
				C48EFBF92DF989C900BB4910 /* LocationManager.swift in Sources */,
				C48EFBFA2DF989C900BB4910 /* MapPageProtocols.swift in Sources */,
				C48EFBFB2DF989C900BB4910 /* MapViewController.swift in Sources */,
				C48EFBFC2DF989C900BB4910 /* MapViewModel.swift in Sources */,
			);
			runOnlyForDeploymentPostprocessing = 0;
		};
/* End PBXSourcesBuildPhase section */

/* Begin PBXVariantGroup section */
		C48EFBE42DF989C900BB4910 /* LaunchScreen.storyboard */ = {
			isa = PBXVariantGroup;
			children = (
				C48EFBE32DF989C900BB4910 /* Base */,
			);
			name = LaunchScreen.storyboard;
			sourceTree = "<group>";
		};
/* End PBXVariantGroup section */

/* Begin XCBuildConfiguration section */
		C49D00D82DF965C9002432CF /* Debug */ = {
			isa = XCBuildConfiguration;
			buildSettings = {
				ASSETCATALOG_COMPILER_APPICON_NAME = AppIcon;
				ASSETCATALOG_COMPILER_GLOBAL_ACCENT_COLOR_NAME = AccentColor;
				ASSETCATALOG_COMPILER_INCLUDE_ALL_APPICON_ASSETS = NO;
				CODE_SIGN_STYLE = Automatic;
				CURRENT_PROJECT_VERSION = 1;
				DEVELOPMENT_TEAM = 4CX3G85ALP;
				GENERATE_INFOPLIST_FILE = YES;
				INFOPLIST_FILE = eyupMertCase/Info.plist;
				INFOPLIST_KEY_NSLocationAlwaysAndWhenInUseUsageDescription = "Our app needs your location permission to perform accurately.";
				INFOPLIST_KEY_NSLocationAlwaysUsageDescription = "Our app needs your location permission to perform accurately.";
				INFOPLIST_KEY_UIApplicationSupportsIndirectInputEvents = YES;
				INFOPLIST_KEY_UILaunchStoryboardName = LaunchScreen;
				INFOPLIST_KEY_UISupportedInterfaceOrientations_iPad = "UIInterfaceOrientationPortrait UIInterfaceOrientationPortraitUpsideDown UIInterfaceOrientationLandscapeLeft UIInterfaceOrientationLandscapeRight";
				INFOPLIST_KEY_UISupportedInterfaceOrientations_iPhone = "UIInterfaceOrientationPortrait UIInterfaceOrientationLandscapeLeft UIInterfaceOrientationLandscapeRight";
				LD_RUNPATH_SEARCH_PATHS = (
					"$(inherited)",
					"@executable_path/Frameworks",
				);
				MARKETING_VERSION = 1.0;
				PRODUCT_BUNDLE_IDENTIFIER = com.braveapplicationsteam.eyupMertCase;
				PRODUCT_NAME = "$(TARGET_NAME)";
				SWIFT_EMIT_LOC_STRINGS = YES;
				SWIFT_VERSION = 5.0;
				TARGETED_DEVICE_FAMILY = "1,2";
			};
			name = Debug;
		};
		C49D00D92DF965C9002432CF /* Release */ = {
			isa = XCBuildConfiguration;
			buildSettings = {
				ASSETCATALOG_COMPILER_APPICON_NAME = AppIcon;
				ASSETCATALOG_COMPILER_GLOBAL_ACCENT_COLOR_NAME = AccentColor;
				ASSETCATALOG_COMPILER_INCLUDE_ALL_APPICON_ASSETS = NO;
				CODE_SIGN_STYLE = Automatic;
				CURRENT_PROJECT_VERSION = 1;
				DEVELOPMENT_TEAM = 4CX3G85ALP;
				GENERATE_INFOPLIST_FILE = YES;
				INFOPLIST_FILE = eyupMertCase/Info.plist;
				INFOPLIST_KEY_NSLocationAlwaysAndWhenInUseUsageDescription = "Our app needs your location permission to perform accurately.";
				INFOPLIST_KEY_NSLocationAlwaysUsageDescription = "Our app needs your location permission to perform accurately.";
				INFOPLIST_KEY_UIApplicationSupportsIndirectInputEvents = YES;
				INFOPLIST_KEY_UILaunchStoryboardName = LaunchScreen;
				INFOPLIST_KEY_UISupportedInterfaceOrientations_iPad = "UIInterfaceOrientationPortrait UIInterfaceOrientationPortraitUpsideDown UIInterfaceOrientationLandscapeLeft UIInterfaceOrientationLandscapeRight";
				INFOPLIST_KEY_UISupportedInterfaceOrientations_iPhone = "UIInterfaceOrientationPortrait UIInterfaceOrientationLandscapeLeft UIInterfaceOrientationLandscapeRight";
				LD_RUNPATH_SEARCH_PATHS = (
					"$(inherited)",
					"@executable_path/Frameworks",
				);
				MARKETING_VERSION = 1.0;
				PRODUCT_BUNDLE_IDENTIFIER = com.braveapplicationsteam.eyupMertCase;
				PRODUCT_NAME = "$(TARGET_NAME)";
				SWIFT_EMIT_LOC_STRINGS = YES;
				SWIFT_VERSION = 5.0;
				TARGETED_DEVICE_FAMILY = "1,2";
			};
			name = Release;
		};
		C49D00DA2DF965C9002432CF /* Debug */ = {
			isa = XCBuildConfiguration;
			buildSettings = {
				ALWAYS_SEARCH_USER_PATHS = NO;
				ASSETCATALOG_COMPILER_GENERATE_SWIFT_ASSET_SYMBOL_EXTENSIONS = YES;
				CLANG_ANALYZER_NONNULL = YES;
				CLANG_ANALYZER_NUMBER_OBJECT_CONVERSION = YES_AGGRESSIVE;
				CLANG_CXX_LANGUAGE_STANDARD = "gnu++20";
				CLANG_ENABLE_MODULES = YES;
				CLANG_ENABLE_OBJC_ARC = YES;
				CLANG_ENABLE_OBJC_WEAK = YES;
				CLANG_WARN_BLOCK_CAPTURE_AUTORELEASING = YES;
				CLANG_WARN_BOOL_CONVERSION = YES;
				CLANG_WARN_COMMA = YES;
				CLANG_WARN_CONSTANT_CONVERSION = YES;
				CLANG_WARN_DEPRECATED_OBJC_IMPLEMENTATIONS = YES;
				CLANG_WARN_DIRECT_OBJC_ISA_USAGE = YES_ERROR;
				CLANG_WARN_DOCUMENTATION_COMMENTS = YES;
				CLANG_WARN_EMPTY_BODY = YES;
				CLANG_WARN_ENUM_CONVERSION = YES;
				CLANG_WARN_INFINITE_RECURSION = YES;
				CLANG_WARN_INT_CONVERSION = YES;
				CLANG_WARN_NON_LITERAL_NULL_CONVERSION = YES;
				CLANG_WARN_OBJC_IMPLICIT_RETAIN_SELF = YES;
				CLANG_WARN_OBJC_LITERAL_CONVERSION = YES;
				CLANG_WARN_OBJC_ROOT_CLASS = YES_ERROR;
				CLANG_WARN_QUOTED_INCLUDE_IN_FRAMEWORK_HEADER = YES;
				CLANG_WARN_RANGE_LOOP_ANALYSIS = YES;
				CLANG_WARN_STRICT_PROTOTYPES = YES;
				CLANG_WARN_SUSPICIOUS_MOVE = YES;
				CLANG_WARN_UNGUARDED_AVAILABILITY = YES_AGGRESSIVE;
				CLANG_WARN_UNREACHABLE_CODE = YES;
				CLANG_WARN__DUPLICATE_METHOD_MATCH = YES;
				COPY_PHASE_STRIP = NO;
				DEBUG_INFORMATION_FORMAT = dwarf;
				ENABLE_STRICT_OBJC_MSGSEND = YES;
				ENABLE_TESTABILITY = YES;
				ENABLE_USER_SCRIPT_SANDBOXING = YES;
				GCC_C_LANGUAGE_STANDARD = gnu17;
				GCC_DYNAMIC_NO_PIC = NO;
				GCC_NO_COMMON_BLOCKS = YES;
				GCC_OPTIMIZATION_LEVEL = 0;
				GCC_PREPROCESSOR_DEFINITIONS = (
					"DEBUG=1",
					"$(inherited)",
				);
				GCC_WARN_64_TO_32_BIT_CONVERSION = YES;
				GCC_WARN_ABOUT_RETURN_TYPE = YES_ERROR;
				GCC_WARN_UNDECLARED_SELECTOR = YES;
				GCC_WARN_UNINITIALIZED_AUTOS = YES_AGGRESSIVE;
				GCC_WARN_UNUSED_FUNCTION = YES;
				GCC_WARN_UNUSED_VARIABLE = YES;
				IPHONEOS_DEPLOYMENT_TARGET = 18.0;
				LOCALIZATION_PREFERS_STRING_CATALOGS = YES;
				MTL_ENABLE_DEBUG_INFO = INCLUDE_SOURCE;
				MTL_FAST_MATH = YES;
				ONLY_ACTIVE_ARCH = YES;
				SDKROOT = iphoneos;
				SWIFT_ACTIVE_COMPILATION_CONDITIONS = "DEBUG $(inherited)";
				SWIFT_OPTIMIZATION_LEVEL = "-Onone";
			};
			name = Debug;
		};
		C49D00DB2DF965C9002432CF /* Release */ = {
			isa = XCBuildConfiguration;
			buildSettings = {
				ALWAYS_SEARCH_USER_PATHS = NO;
				ASSETCATALOG_COMPILER_GENERATE_SWIFT_ASSET_SYMBOL_EXTENSIONS = YES;
				CLANG_ANALYZER_NONNULL = YES;
				CLANG_ANALYZER_NUMBER_OBJECT_CONVERSION = YES_AGGRESSIVE;
				CLANG_CXX_LANGUAGE_STANDARD = "gnu++20";
				CLANG_ENABLE_MODULES = YES;
				CLANG_ENABLE_OBJC_ARC = YES;
				CLANG_ENABLE_OBJC_WEAK = YES;
				CLANG_WARN_BLOCK_CAPTURE_AUTORELEASING = YES;
				CLANG_WARN_BOOL_CONVERSION = YES;
				CLANG_WARN_COMMA = YES;
				CLANG_WARN_CONSTANT_CONVERSION = YES;
				CLANG_WARN_DEPRECATED_OBJC_IMPLEMENTATIONS = YES;
				CLANG_WARN_DIRECT_OBJC_ISA_USAGE = YES_ERROR;
				CLANG_WARN_DOCUMENTATION_COMMENTS = YES;
				CLANG_WARN_EMPTY_BODY = YES;
				CLANG_WARN_ENUM_CONVERSION = YES;
				CLANG_WARN_INFINITE_RECURSION = YES;
				CLANG_WARN_INT_CONVERSION = YES;
				CLANG_WARN_NON_LITERAL_NULL_CONVERSION = YES;
				CLANG_WARN_OBJC_IMPLICIT_RETAIN_SELF = YES;
				CLANG_WARN_OBJC_LITERAL_CONVERSION = YES;
				CLANG_WARN_OBJC_ROOT_CLASS = YES_ERROR;
				CLANG_WARN_QUOTED_INCLUDE_IN_FRAMEWORK_HEADER = YES;
				CLANG_WARN_RANGE_LOOP_ANALYSIS = YES;
				CLANG_WARN_STRICT_PROTOTYPES = YES;
				CLANG_WARN_SUSPICIOUS_MOVE = YES;
				CLANG_WARN_UNGUARDED_AVAILABILITY = YES_AGGRESSIVE;
				CLANG_WARN_UNREACHABLE_CODE = YES;
				CLANG_WARN__DUPLICATE_METHOD_MATCH = YES;
				COPY_PHASE_STRIP = NO;
				DEBUG_INFORMATION_FORMAT = "dwarf-with-dsym";
				ENABLE_NS_ASSERTIONS = NO;
				ENABLE_STRICT_OBJC_MSGSEND = YES;
				ENABLE_USER_SCRIPT_SANDBOXING = YES;
				GCC_C_LANGUAGE_STANDARD = gnu17;
				GCC_NO_COMMON_BLOCKS = YES;
				GCC_WARN_64_TO_32_BIT_CONVERSION = YES;
				GCC_WARN_ABOUT_RETURN_TYPE = YES_ERROR;
				GCC_WARN_UNDECLARED_SELECTOR = YES;
				GCC_WARN_UNINITIALIZED_AUTOS = YES_AGGRESSIVE;
				GCC_WARN_UNUSED_FUNCTION = YES;
				GCC_WARN_UNUSED_VARIABLE = YES;
				IPHONEOS_DEPLOYMENT_TARGET = 18.0;
				LOCALIZATION_PREFERS_STRING_CATALOGS = YES;
				MTL_ENABLE_DEBUG_INFO = NO;
				MTL_FAST_MATH = YES;
				SDKROOT = iphoneos;
				SWIFT_COMPILATION_MODE = wholemodule;
				VALIDATE_PRODUCT = YES;
			};
			name = Release;
		};
/* End XCBuildConfiguration section */

/* Begin XCConfigurationList section */
		C49D00BF2DF965C8002432CF /* Build configuration list for PBXProject "eyupMertCase" */ = {
			isa = XCConfigurationList;
			buildConfigurations = (
				C49D00DA2DF965C9002432CF /* Debug */,
				C49D00DB2DF965C9002432CF /* Release */,
			);
			defaultConfigurationIsVisible = 0;
			defaultConfigurationName = Release;
		};
		C49D00D72DF965C9002432CF /* Build configuration list for PBXNativeTarget "eyupMertCase" */ = {
			isa = XCConfigurationList;
			buildConfigurations = (
				C49D00D82DF965C9002432CF /* Debug */,
				C49D00D92DF965C9002432CF /* Release */,
			);
			defaultConfigurationIsVisible = 0;
			defaultConfigurationName = Release;
		};
/* End XCConfigurationList section */
	};
	rootObject = C49D00BC2DF965C8002432CF /* Project object */;
}
